github.com/adfirliyadi/go-say-hello2 v1.0.0 h1:OQwxL5qZpJYANKsTe4F7VpdNboTf4kgDWovmOop+EiU=
github.com/adfirliyadi/go-say-hello2 v1.0.0/go.mod h1:2EoyvwZc6qlQTGgEcOG30tCUfCfb0ec1Pyht7N+vk44=
github.com/adfirliyadi/go-say-hello2 v1.1.0 h1:7grlnTV0EXUxd5GLkANejdkTh7+vQSE9OYNIsgG4Pno=
github.com/adfirliyadi/go-say-hello2 v1.1.0/go.mod h1:2EoyvwZc6qlQTGgEcOG30tCUfCfb0ec1Pyht7N+vk44=
